<?xml version="1.0" encoding="utf-8"?>
<Project ToolsVersion="4.0" xmlns="http://schemas.microsoft.com/developer/msbuild/2003">
  <ItemGroup>
    <Filter Include="Zephox">
      <UniqueIdentifier>{E32B32E1-CFCD-5CB7-B888-700BA4C9E307}</UniqueIdentifier>
    </Filter>
    <Filter Include="Zephox\Events">
      <UniqueIdentifier>{673A89AD-D3FA-04E4-9C35-4E6108B549C0}</UniqueIdentifier>
    </Filter>
  </ItemGroup>
  <ItemGroup>
    <ClInclude Include="src\Zephox.h" />
    <ClInclude Include="src\Zephox\Application.h">
      <Filter>Zephox</Filter>
    </ClInclude>
    <ClInclude Include="src\Zephox\Core.h">
      <Filter>Zephox</Filter>
    </ClInclude>
    <ClInclude Include="src\Zephox\EntryPoint.h">
      <Filter>Zephox</Filter>
    </ClInclude>
    <ClInclude Include="src\Zephox\Events\ApplicationEvent.h">
      <Filter>Zephox\Events</Filter>
    </ClInclude>
    <ClInclude Include="src\Zephox\Events\Event.h">
      <Filter>Zephox\Events</Filter>
    </ClInclude>
    <ClInclude Include="src\Zephox\Events\KeyEvent.h">
      <Filter>Zephox\Events</Filter>
    </ClInclude>
    <ClInclude Include="src\Zephox\Events\MouseEvent.h">
      <Filter>Zephox\Events</Filter>
    </ClInclude>
    <ClInclude Include="src\Zephox\Log.h">
      <Filter>Zephox</Filter>
    </ClInclude>
    <ClInclude Include="src\zppch.h" />
  </ItemGroup>
  <ItemGroup>
    <ClCompile Include="src\Zephox\Application.cpp">
      <Filter>Zephox</Filter>
    </ClCompile>
    <ClCompile Include="src\Zephox\Log.cpp">
      <Filter>Zephox</Filter>
    </ClCompile>
    <ClCompile Include="src\zppch.cpp" />
  </ItemGroup>
</Project>