<?xml version="1.0" encoding="utf-8"?>
<Project ToolsVersion="4.0" xmlns="http://schemas.microsoft.com/developer/msbuild/2003">
  <ItemGroup>
    <Filter Include="Platform">
      <UniqueIdentifier>{2AC788B4-1694-E3BF-3FAD-D1672BD9184E}</UniqueIdentifier>
    </Filter>
    <Filter Include="Platform\Windows">
      <UniqueIdentifier>{64FBD71A-50F4-F66C-7926-DCF1657ED678}</UniqueIdentifier>
    </Filter>
    <Filter Include="Zephox">
      <UniqueIdentifier>{E32B32E1-CFCD-5CB7-B888-700BA4C9E307}</UniqueIdentifier>
    </Filter>
    <Filter Include="Zephox\Events">
      <UniqueIdentifier>{673A89AD-D3FA-04E4-9C35-4E6108B549C0}</UniqueIdentifier>
    </Filter>
    <Filter Include="Zephox\ImGui">
      <UniqueIdentifier>{b1cb5b76-8bf0-477a-8b49-ac229dab09b0}</UniqueIdentifier>
    </Filter>
    <Filter Include="Platform\OpenGL">
      <UniqueIdentifier>{a0383256-8ebe-4ba9-adf5-65dcfb2576da}</UniqueIdentifier>
    </Filter>
  </ItemGroup>
  <ItemGroup>
    <ClInclude Include="src\Platform\Windows\WindowsWindow.h">
      <Filter>Platform\Windows</Filter>
    </ClInclude>
    <ClInclude Include="src\Zephox.h" />
    <ClInclude Include="src\Zephox\Application.h">
      <Filter>Zephox</Filter>
    </ClInclude>
    <ClInclude Include="src\Zephox\Core.h">
      <Filter>Zephox</Filter>
    </ClInclude>
    <ClInclude Include="src\Zephox\EntryPoint.h">
      <Filter>Zephox</Filter>
    </ClInclude>
    <ClInclude Include="src\Zephox\Events\ApplicationEvent.h">
      <Filter>Zephox\Events</Filter>
    </ClInclude>
    <ClInclude Include="src\Zephox\Events\Event.h">
      <Filter>Zephox\Events</Filter>
    </ClInclude>
    <ClInclude Include="src\Zephox\Events\KeyEvent.h">
      <Filter>Zephox\Events</Filter>
    </ClInclude>
    <ClInclude Include="src\Zephox\Events\MouseEvent.h">
      <Filter>Zephox\Events</Filter>
    </ClInclude>
    <ClInclude Include="src\Zephox\Layer.h">
      <Filter>Zephox</Filter>
    </ClInclude>
    <ClInclude Include="src\Zephox\LayerStack.h">
      <Filter>Zephox</Filter>
    </ClInclude>
    <ClInclude Include="src\Zephox\Log.h">
      <Filter>Zephox</Filter>
    </ClInclude>
    <ClInclude Include="src\Zephox\Window.h">
      <Filter>Zephox</Filter>
    </ClInclude>
    <ClInclude Include="src\zppch.h" />
    <ClInclude Include="src\Zephox\ImGui\ImGuiLayer.h">
      <Filter>Zephox\ImGui</Filter>
    </ClInclude>
    <ClInclude Include="src\Platform\OpenGL\ImGuiOpenGLRenderer.h">
      <Filter>Platform\OpenGL</Filter>
    </ClInclude>
  </ItemGroup>
  <ItemGroup>
    <ClCompile Include="src\Platform\Windows\WindowsWindow.cpp">
      <Filter>Platform\Windows</Filter>
    </ClCompile>
    <ClCompile Include="src\Zephox\Application.cpp">
      <Filter>Zephox</Filter>
    </ClCompile>
    <ClCompile Include="src\Zephox\Layer.cpp">
      <Filter>Zephox</Filter>
    </ClCompile>
    <ClCompile Include="src\Zephox\LayerStack.cpp">
      <Filter>Zephox</Filter>
    </ClCompile>
    <ClCompile Include="src\Zephox\Log.cpp">
      <Filter>Zephox</Filter>
    </ClCompile>
    <ClCompile Include="src\zppch.cpp" />
    <ClCompile Include="src\Zephox\ImGui\ImGuiLayer.cpp">
      <Filter>Zephox\ImGui</Filter>
    </ClCompile>
    <ClCompile Include="src\Platform\OpenGL\ImGuiOpenGLRenderer.cpp">
      <Filter>Platform\OpenGL</Filter>
    </ClCompile>
  </ItemGroup>
</Project>